
Microsoft Visual Studio Solution File, Format Version 12.00
# Visual Studio 15
VisualStudioVersion = 15.0.26430.16
MinimumVisualStudioVersion = 10.0.40219.1
Project("{FAE04EC0-301F-11D3-BF4B-00C04F79EFBC}") = "aehyok.DemoApp", "aehyok.DemoApp\aehyok.DemoApp\aehyok.DemoApp.csproj", "{5332DF37-9B09-44BE-BBC6-7755FE06FBB8}"
EndProject
Project("{FAE04EC0-301F-11D3-BF4B-00C04F79EFBC}") = "aehyok.DemoApp.Android", "aehyok.DemoApp\aehyok.DemoApp.Android\aehyok.DemoApp.Android.csproj", "{1DA67773-1DED-44DF-BBCF-6F09F2FEBF62}"
EndProject
Project("{FAE04EC0-301F-11D3-BF4B-00C04F79EFBC}") = "aehyok.DemoApp.iOS", "aehyok.DemoApp\aehyok.DemoApp.iOS\aehyok.DemoApp.iOS.csproj", "{8E8A1381-B5FC-428C-83C4-9D35FAE8FCB9}"
EndProject
Global
	GlobalSection(SolutionConfigurationPlatforms) = preSolution
		Debug|Any CPU = Debug|Any CPU
		Debug|iPhone = Debug|iPhone
		Debug|iPhoneSimulator = Debug|iPhoneSimulator
		Release|Any CPU = Release|Any CPU
		Release|iPhone = Release|iPhone
		Release|iPhoneSimulator = Release|iPhoneSimulator
	EndGlobalSection
	GlobalSection(ProjectConfigurationPlatforms) = postSolution
		{5332DF37-9B09-44BE-BBC6-7755FE06FBB8}.Debug|Any CPU.ActiveCfg = Debug|Any CPU
		{5332DF37-9B09-44BE-BBC6-7755FE06FBB8}.Debug|Any CPU.Build.0 = Debug|Any CPU
		{5332DF37-9B09-44BE-BBC6-7755FE06FBB8}.Debug|iPhone.ActiveCfg = Debug|Any CPU
		{5332DF37-9B09-44BE-BBC6-7755FE06FBB8}.Debug|iPhone.Build.0 = Debug|Any CPU
		{5332DF37-9B09-44BE-BBC6-7755FE06FBB8}.Debug|iPhoneSimulator.ActiveCfg = Debug|Any CPU
		{5332DF37-9B09-44BE-BBC6-7755FE06FBB8}.Debug|iPhoneSimulator.Build.0 = Debug|Any CPU
		{5332DF37-9B09-44BE-BBC6-7755FE06FBB8}.Release|Any CPU.ActiveCfg = Release|Any CPU
		{5332DF37-9B09-44BE-BBC6-7755FE06FBB8}.Release|Any CPU.Build.0 = Release|Any CPU
		{5332DF37-9B09-44BE-BBC6-7755FE06FBB8}.Release|iPhone.ActiveCfg = Release|Any CPU
		{5332DF37-9B09-44BE-BBC6-7755FE06FBB8}.Release|iPhone.Build.0 = Release|Any CPU
		{5332DF37-9B09-44BE-BBC6-7755FE06FBB8}.Release|iPhoneSimulator.ActiveCfg = Release|Any CPU
		{5332DF37-9B09-44BE-BBC6-7755FE06FBB8}.Release|iPhoneSimulator.Build.0 = Release|Any CPU
		{1DA67773-1DED-44DF-BBCF-6F09F2FEBF62}.Debug|Any CPU.ActiveCfg = Debug|Any CPU
		{1DA67773-1DED-44DF-BBCF-6F09F2FEBF62}.Debug|Any CPU.Build.0 = Debug|Any CPU
		{1DA67773-1DED-44DF-BBCF-6F09F2FEBF62}.Debug|Any CPU.Deploy.0 = Debug|Any CPU
		{1DA67773-1DED-44DF-BBCF-6F09F2FEBF62}.Debug|iPhone.ActiveCfg = Debug|Any CPU
		{1DA67773-1DED-44DF-BBCF-6F09F2FEBF62}.Debug|iPhone.Build.0 = Debug|Any CPU
		{1DA67773-1DED-44DF-BBCF-6F09F2FEBF62}.Debug|iPhone.Deploy.0 = Debug|Any CPU
		{1DA67773-1DED-44DF-BBCF-6F09F2FEBF62}.Debug|iPhoneSimulator.ActiveCfg = Debug|Any CPU
		{1DA67773-1DED-44DF-BBCF-6F09F2FEBF62}.Debug|iPhoneSimulator.Build.0 = Debug|Any CPU
		{1DA67773-1DED-44DF-BBCF-6F09F2FEBF62}.Debug|iPhoneSimulator.Deploy.0 = Debug|Any CPU
		{1DA67773-1DED-44DF-BBCF-6F09F2FEBF62}.Release|Any CPU.ActiveCfg = Release|Any CPU
		{1DA67773-1DED-44DF-BBCF-6F09F2FEBF62}.Release|Any CPU.Build.0 = Release|Any CPU
		{1DA67773-1DED-44DF-BBCF-6F09F2FEBF62}.Release|Any CPU.Deploy.0 = Release|Any CPU
		{1DA67773-1DED-44DF-BBCF-6F09F2FEBF62}.Release|iPhone.ActiveCfg = Release|Any CPU
		{1DA67773-1DED-44DF-BBCF-6F09F2FEBF62}.Release|iPhone.Build.0 = Release|Any CPU
		{1DA67773-1DED-44DF-BBCF-6F09F2FEBF62}.Release|iPhone.Deploy.0 = Release|Any CPU
		{1DA67773-1DED-44DF-BBCF-6F09F2FEBF62}.Release|iPhoneSimulator.ActiveCfg = Release|Any CPU
		{1DA67773-1DED-44DF-BBCF-6F09F2FEBF62}.Release|iPhoneSimulator.Build.0 = Release|Any CPU
		{1DA67773-1DED-44DF-BBCF-6F09F2FEBF62}.Release|iPhoneSimulator.Deploy.0 = Release|Any CPU
		{8E8A1381-B5FC-428C-83C4-9D35FAE8FCB9}.Debug|Any CPU.ActiveCfg = Debug|iPhone
		{8E8A1381-B5FC-428C-83C4-9D35FAE8FCB9}.Debug|iPhone.ActiveCfg = Debug|iPhone
		{8E8A1381-B5FC-428C-83C4-9D35FAE8FCB9}.Debug|iPhone.Build.0 = Debug|iPhone
		{8E8A1381-B5FC-428C-83C4-9D35FAE8FCB9}.Debug|iPhoneSimulator.ActiveCfg = Debug|iPhoneSimulator
		{8E8A1381-B5FC-428C-83C4-9D35FAE8FCB9}.Debug|iPhoneSimulator.Build.0 = Debug|iPhoneSimulator
		{8E8A1381-B5FC-428C-83C4-9D35FAE8FCB9}.Release|Any CPU.ActiveCfg = Release|iPhone
		{8E8A1381-B5FC-428C-83C4-9D35FAE8FCB9}.Release|iPhone.ActiveCfg = Release|iPhone
		{8E8A1381-B5FC-428C-83C4-9D35FAE8FCB9}.Release|iPhone.Build.0 = Release|iPhone
		{8E8A1381-B5FC-428C-83C4-9D35FAE8FCB9}.Release|iPhoneSimulator.ActiveCfg = Release|iPhoneSimulator
		{8E8A1381-B5FC-428C-83C4-9D35FAE8FCB9}.Release|iPhoneSimulator.Build.0 = Release|iPhoneSimulator
	EndGlobalSection
	GlobalSection(SolutionProperties) = preSolution
		HideSolutionNode = FALSE
	EndGlobalSection
EndGlobal
