
Microsoft Visual Studio Solution File, Format Version 12.00
# Visual Studio 15
VisualStudioVersion = 15.0.26730.10
MinimumVisualStudioVersion = 10.0.40219.1
Project("{9A19103F-16F7-4668-BE54-9A1E7A4F7556}") = "SinoStar.App", "SinoStar.App\SinoStar.App\SinoStar.App.csproj", "{D93D125D-2880-417E-9CDD-AD450B65430F}"
EndProject
Project("{FAE04EC0-301F-11D3-BF4B-00C04F79EFBC}") = "SinoStar.App.iOS", "SinoStar.App\SinoStar.App.iOS\SinoStar.App.iOS.csproj", "{A94D02D5-95F4-47E7-B0E1-8D80BC52A136}"
EndProject
Project("{FAE04EC0-301F-11D3-BF4B-00C04F79EFBC}") = "SinoStar.App.Android", "SinoStar.App\SinoStar.App.Android\SinoStar.App.Android.csproj", "{051ECF32-D010-4945-A3C9-C6B77D2D409A}"
EndProject
Project("{9A19103F-16F7-4668-BE54-9A1E7A4F7556}") = "SinoStar.Services", "SinoStar.Services\SinoStar.Services.csproj", "{9654AC42-4971-49AD-9136-EA8345E6D6CB}"
EndProject
Project("{FAE04EC0-301F-11D3-BF4B-00C04F79EFBC}") = "SinoStar.Model", "SinoStar.Model\SinoStar.Model.csproj", "{94747B98-86F2-4121-9579-C5EEA97ACEF2}"
EndProject
Global
	GlobalSection(SolutionConfigurationPlatforms) = preSolution
		Ad-Hoc|Any CPU = Ad-Hoc|Any CPU
		Ad-Hoc|ARM = Ad-Hoc|ARM
		Ad-Hoc|iPhone = Ad-Hoc|iPhone
		Ad-Hoc|iPhoneSimulator = Ad-Hoc|iPhoneSimulator
		Ad-Hoc|x64 = Ad-Hoc|x64
		Ad-Hoc|x86 = Ad-Hoc|x86
		AppStore|Any CPU = AppStore|Any CPU
		AppStore|ARM = AppStore|ARM
		AppStore|iPhone = AppStore|iPhone
		AppStore|iPhoneSimulator = AppStore|iPhoneSimulator
		AppStore|x64 = AppStore|x64
		AppStore|x86 = AppStore|x86
		Debug|Any CPU = Debug|Any CPU
		Debug|ARM = Debug|ARM
		Debug|iPhone = Debug|iPhone
		Debug|iPhoneSimulator = Debug|iPhoneSimulator
		Debug|x64 = Debug|x64
		Debug|x86 = Debug|x86
		Release|Any CPU = Release|Any CPU
		Release|ARM = Release|ARM
		Release|iPhone = Release|iPhone
		Release|iPhoneSimulator = Release|iPhoneSimulator
		Release|x64 = Release|x64
		Release|x86 = Release|x86
	EndGlobalSection
	GlobalSection(ProjectConfigurationPlatforms) = postSolution
		{D93D125D-2880-417E-9CDD-AD450B65430F}.Ad-Hoc|Any CPU.ActiveCfg = Debug|Any CPU
		{D93D125D-2880-417E-9CDD-AD450B65430F}.Ad-Hoc|Any CPU.Build.0 = Debug|Any CPU
		{D93D125D-2880-417E-9CDD-AD450B65430F}.Ad-Hoc|ARM.ActiveCfg = Debug|Any CPU
		{D93D125D-2880-417E-9CDD-AD450B65430F}.Ad-Hoc|ARM.Build.0 = Debug|Any CPU
		{D93D125D-2880-417E-9CDD-AD450B65430F}.Ad-Hoc|iPhone.ActiveCfg = Debug|Any CPU
		{D93D125D-2880-417E-9CDD-AD450B65430F}.Ad-Hoc|iPhone.Build.0 = Debug|Any CPU
		{D93D125D-2880-417E-9CDD-AD450B65430F}.Ad-Hoc|iPhoneSimulator.ActiveCfg = Debug|Any CPU
		{D93D125D-2880-417E-9CDD-AD450B65430F}.Ad-Hoc|iPhoneSimulator.Build.0 = Debug|Any CPU
		{D93D125D-2880-417E-9CDD-AD450B65430F}.Ad-Hoc|x64.ActiveCfg = Debug|Any CPU
		{D93D125D-2880-417E-9CDD-AD450B65430F}.Ad-Hoc|x64.Build.0 = Debug|Any CPU
		{D93D125D-2880-417E-9CDD-AD450B65430F}.Ad-Hoc|x86.ActiveCfg = Debug|Any CPU
		{D93D125D-2880-417E-9CDD-AD450B65430F}.Ad-Hoc|x86.Build.0 = Debug|Any CPU
		{D93D125D-2880-417E-9CDD-AD450B65430F}.AppStore|Any CPU.ActiveCfg = Debug|Any CPU
		{D93D125D-2880-417E-9CDD-AD450B65430F}.AppStore|Any CPU.Build.0 = Debug|Any CPU
		{D93D125D-2880-417E-9CDD-AD450B65430F}.AppStore|ARM.ActiveCfg = Debug|Any CPU
		{D93D125D-2880-417E-9CDD-AD450B65430F}.AppStore|ARM.Build.0 = Debug|Any CPU
		{D93D125D-2880-417E-9CDD-AD450B65430F}.AppStore|iPhone.ActiveCfg = Debug|Any CPU
		{D93D125D-2880-417E-9CDD-AD450B65430F}.AppStore|iPhone.Build.0 = Debug|Any CPU
		{D93D125D-2880-417E-9CDD-AD450B65430F}.AppStore|iPhoneSimulator.ActiveCfg = Debug|Any CPU
		{D93D125D-2880-417E-9CDD-AD450B65430F}.AppStore|iPhoneSimulator.Build.0 = Debug|Any CPU
		{D93D125D-2880-417E-9CDD-AD450B65430F}.AppStore|x64.ActiveCfg = Debug|Any CPU
		{D93D125D-2880-417E-9CDD-AD450B65430F}.AppStore|x64.Build.0 = Debug|Any CPU
		{D93D125D-2880-417E-9CDD-AD450B65430F}.AppStore|x86.ActiveCfg = Debug|Any CPU
		{D93D125D-2880-417E-9CDD-AD450B65430F}.AppStore|x86.Build.0 = Debug|Any CPU
		{D93D125D-2880-417E-9CDD-AD450B65430F}.Debug|Any CPU.ActiveCfg = Debug|Any CPU
		{D93D125D-2880-417E-9CDD-AD450B65430F}.Debug|Any CPU.Build.0 = Debug|Any CPU
		{D93D125D-2880-417E-9CDD-AD450B65430F}.Debug|ARM.ActiveCfg = Debug|Any CPU
		{D93D125D-2880-417E-9CDD-AD450B65430F}.Debug|ARM.Build.0 = Debug|Any CPU
		{D93D125D-2880-417E-9CDD-AD450B65430F}.Debug|iPhone.ActiveCfg = Debug|Any CPU
		{D93D125D-2880-417E-9CDD-AD450B65430F}.Debug|iPhone.Build.0 = Debug|Any CPU
		{D93D125D-2880-417E-9CDD-AD450B65430F}.Debug|iPhoneSimulator.ActiveCfg = Debug|Any CPU
		{D93D125D-2880-417E-9CDD-AD450B65430F}.Debug|iPhoneSimulator.Build.0 = Debug|Any CPU
		{D93D125D-2880-417E-9CDD-AD450B65430F}.Debug|x64.ActiveCfg = Debug|Any CPU
		{D93D125D-2880-417E-9CDD-AD450B65430F}.Debug|x64.Build.0 = Debug|Any CPU
		{D93D125D-2880-417E-9CDD-AD450B65430F}.Debug|x86.ActiveCfg = Debug|Any CPU
		{D93D125D-2880-417E-9CDD-AD450B65430F}.Debug|x86.Build.0 = Debug|Any CPU
		{D93D125D-2880-417E-9CDD-AD450B65430F}.Release|Any CPU.ActiveCfg = Release|Any CPU
		{D93D125D-2880-417E-9CDD-AD450B65430F}.Release|Any CPU.Build.0 = Release|Any CPU
		{D93D125D-2880-417E-9CDD-AD450B65430F}.Release|ARM.ActiveCfg = Release|Any CPU
		{D93D125D-2880-417E-9CDD-AD450B65430F}.Release|ARM.Build.0 = Release|Any CPU
		{D93D125D-2880-417E-9CDD-AD450B65430F}.Release|iPhone.ActiveCfg = Release|Any CPU
		{D93D125D-2880-417E-9CDD-AD450B65430F}.Release|iPhone.Build.0 = Release|Any CPU
		{D93D125D-2880-417E-9CDD-AD450B65430F}.Release|iPhoneSimulator.ActiveCfg = Release|Any CPU
		{D93D125D-2880-417E-9CDD-AD450B65430F}.Release|iPhoneSimulator.Build.0 = Release|Any CPU
		{D93D125D-2880-417E-9CDD-AD450B65430F}.Release|x64.ActiveCfg = Release|Any CPU
		{D93D125D-2880-417E-9CDD-AD450B65430F}.Release|x64.Build.0 = Release|Any CPU
		{D93D125D-2880-417E-9CDD-AD450B65430F}.Release|x86.ActiveCfg = Release|Any CPU
		{D93D125D-2880-417E-9CDD-AD450B65430F}.Release|x86.Build.0 = Release|Any CPU
		{A94D02D5-95F4-47E7-B0E1-8D80BC52A136}.Ad-Hoc|Any CPU.ActiveCfg = Ad-Hoc|iPhone
		{A94D02D5-95F4-47E7-B0E1-8D80BC52A136}.Ad-Hoc|ARM.ActiveCfg = Ad-Hoc|iPhone
		{A94D02D5-95F4-47E7-B0E1-8D80BC52A136}.Ad-Hoc|iPhone.ActiveCfg = Ad-Hoc|iPhone
		{A94D02D5-95F4-47E7-B0E1-8D80BC52A136}.Ad-Hoc|iPhone.Build.0 = Ad-Hoc|iPhone
		{A94D02D5-95F4-47E7-B0E1-8D80BC52A136}.Ad-Hoc|iPhoneSimulator.ActiveCfg = Ad-Hoc|iPhoneSimulator
		{A94D02D5-95F4-47E7-B0E1-8D80BC52A136}.Ad-Hoc|iPhoneSimulator.Build.0 = Ad-Hoc|iPhoneSimulator
		{A94D02D5-95F4-47E7-B0E1-8D80BC52A136}.Ad-Hoc|x64.ActiveCfg = Ad-Hoc|iPhone
		{A94D02D5-95F4-47E7-B0E1-8D80BC52A136}.Ad-Hoc|x86.ActiveCfg = Ad-Hoc|iPhone
		{A94D02D5-95F4-47E7-B0E1-8D80BC52A136}.AppStore|Any CPU.ActiveCfg = AppStore|iPhone
		{A94D02D5-95F4-47E7-B0E1-8D80BC52A136}.AppStore|ARM.ActiveCfg = AppStore|iPhone
		{A94D02D5-95F4-47E7-B0E1-8D80BC52A136}.AppStore|iPhone.ActiveCfg = AppStore|iPhone
		{A94D02D5-95F4-47E7-B0E1-8D80BC52A136}.AppStore|iPhone.Build.0 = AppStore|iPhone
		{A94D02D5-95F4-47E7-B0E1-8D80BC52A136}.AppStore|iPhoneSimulator.ActiveCfg = AppStore|iPhoneSimulator
		{A94D02D5-95F4-47E7-B0E1-8D80BC52A136}.AppStore|iPhoneSimulator.Build.0 = AppStore|iPhoneSimulator
		{A94D02D5-95F4-47E7-B0E1-8D80BC52A136}.AppStore|x64.ActiveCfg = AppStore|iPhone
		{A94D02D5-95F4-47E7-B0E1-8D80BC52A136}.AppStore|x86.ActiveCfg = AppStore|iPhone
		{A94D02D5-95F4-47E7-B0E1-8D80BC52A136}.Debug|Any CPU.ActiveCfg = Debug|iPhone
		{A94D02D5-95F4-47E7-B0E1-8D80BC52A136}.Debug|ARM.ActiveCfg = Debug|iPhone
		{A94D02D5-95F4-47E7-B0E1-8D80BC52A136}.Debug|iPhone.ActiveCfg = Debug|iPhone
		{A94D02D5-95F4-47E7-B0E1-8D80BC52A136}.Debug|iPhone.Build.0 = Debug|iPhone
		{A94D02D5-95F4-47E7-B0E1-8D80BC52A136}.Debug|iPhoneSimulator.ActiveCfg = Debug|iPhoneSimulator
		{A94D02D5-95F4-47E7-B0E1-8D80BC52A136}.Debug|iPhoneSimulator.Build.0 = Debug|iPhoneSimulator
		{A94D02D5-95F4-47E7-B0E1-8D80BC52A136}.Debug|x64.ActiveCfg = Debug|iPhone
		{A94D02D5-95F4-47E7-B0E1-8D80BC52A136}.Debug|x86.ActiveCfg = Debug|iPhone
		{A94D02D5-95F4-47E7-B0E1-8D80BC52A136}.Release|Any CPU.ActiveCfg = Release|iPhone
		{A94D02D5-95F4-47E7-B0E1-8D80BC52A136}.Release|ARM.ActiveCfg = Release|iPhone
		{A94D02D5-95F4-47E7-B0E1-8D80BC52A136}.Release|iPhone.ActiveCfg = Release|iPhone
		{A94D02D5-95F4-47E7-B0E1-8D80BC52A136}.Release|iPhone.Build.0 = Release|iPhone
		{A94D02D5-95F4-47E7-B0E1-8D80BC52A136}.Release|iPhoneSimulator.ActiveCfg = Release|iPhoneSimulator
		{A94D02D5-95F4-47E7-B0E1-8D80BC52A136}.Release|iPhoneSimulator.Build.0 = Release|iPhoneSimulator
		{A94D02D5-95F4-47E7-B0E1-8D80BC52A136}.Release|x64.ActiveCfg = Release|iPhone
		{A94D02D5-95F4-47E7-B0E1-8D80BC52A136}.Release|x86.ActiveCfg = Release|iPhone
		{051ECF32-D010-4945-A3C9-C6B77D2D409A}.Ad-Hoc|Any CPU.ActiveCfg = Release|Any CPU
		{051ECF32-D010-4945-A3C9-C6B77D2D409A}.Ad-Hoc|Any CPU.Build.0 = Release|Any CPU
		{051ECF32-D010-4945-A3C9-C6B77D2D409A}.Ad-Hoc|Any CPU.Deploy.0 = Release|Any CPU
		{051ECF32-D010-4945-A3C9-C6B77D2D409A}.Ad-Hoc|ARM.ActiveCfg = Release|Any CPU
		{051ECF32-D010-4945-A3C9-C6B77D2D409A}.Ad-Hoc|ARM.Build.0 = Release|Any CPU
		{051ECF32-D010-4945-A3C9-C6B77D2D409A}.Ad-Hoc|ARM.Deploy.0 = Release|Any CPU
		{051ECF32-D010-4945-A3C9-C6B77D2D409A}.Ad-Hoc|iPhone.ActiveCfg = Release|Any CPU
		{051ECF32-D010-4945-A3C9-C6B77D2D409A}.Ad-Hoc|iPhone.Build.0 = Release|Any CPU
		{051ECF32-D010-4945-A3C9-C6B77D2D409A}.Ad-Hoc|iPhone.Deploy.0 = Release|Any CPU
		{051ECF32-D010-4945-A3C9-C6B77D2D409A}.Ad-Hoc|iPhoneSimulator.ActiveCfg = Release|Any CPU
		{051ECF32-D010-4945-A3C9-C6B77D2D409A}.Ad-Hoc|iPhoneSimulator.Build.0 = Release|Any CPU
		{051ECF32-D010-4945-A3C9-C6B77D2D409A}.Ad-Hoc|iPhoneSimulator.Deploy.0 = Release|Any CPU
		{051ECF32-D010-4945-A3C9-C6B77D2D409A}.Ad-Hoc|x64.ActiveCfg = Release|Any CPU
		{051ECF32-D010-4945-A3C9-C6B77D2D409A}.Ad-Hoc|x64.Build.0 = Release|Any CPU
		{051ECF32-D010-4945-A3C9-C6B77D2D409A}.Ad-Hoc|x64.Deploy.0 = Release|Any CPU
		{051ECF32-D010-4945-A3C9-C6B77D2D409A}.Ad-Hoc|x86.ActiveCfg = Release|Any CPU
		{051ECF32-D010-4945-A3C9-C6B77D2D409A}.Ad-Hoc|x86.Build.0 = Release|Any CPU
		{051ECF32-D010-4945-A3C9-C6B77D2D409A}.Ad-Hoc|x86.Deploy.0 = Release|Any CPU
		{051ECF32-D010-4945-A3C9-C6B77D2D409A}.AppStore|Any CPU.ActiveCfg = Release|Any CPU
		{051ECF32-D010-4945-A3C9-C6B77D2D409A}.AppStore|Any CPU.Build.0 = Release|Any CPU
		{051ECF32-D010-4945-A3C9-C6B77D2D409A}.AppStore|Any CPU.Deploy.0 = Release|Any CPU
		{051ECF32-D010-4945-A3C9-C6B77D2D409A}.AppStore|ARM.ActiveCfg = Release|Any CPU
		{051ECF32-D010-4945-A3C9-C6B77D2D409A}.AppStore|ARM.Build.0 = Release|Any CPU
		{051ECF32-D010-4945-A3C9-C6B77D2D409A}.AppStore|ARM.Deploy.0 = Release|Any CPU
		{051ECF32-D010-4945-A3C9-C6B77D2D409A}.AppStore|iPhone.ActiveCfg = Release|Any CPU
		{051ECF32-D010-4945-A3C9-C6B77D2D409A}.AppStore|iPhone.Build.0 = Release|Any CPU
		{051ECF32-D010-4945-A3C9-C6B77D2D409A}.AppStore|iPhone.Deploy.0 = Release|Any CPU
		{051ECF32-D010-4945-A3C9-C6B77D2D409A}.AppStore|iPhoneSimulator.ActiveCfg = Release|Any CPU
		{051ECF32-D010-4945-A3C9-C6B77D2D409A}.AppStore|iPhoneSimulator.Build.0 = Release|Any CPU
		{051ECF32-D010-4945-A3C9-C6B77D2D409A}.AppStore|iPhoneSimulator.Deploy.0 = Release|Any CPU
		{051ECF32-D010-4945-A3C9-C6B77D2D409A}.AppStore|x64.ActiveCfg = Release|Any CPU
		{051ECF32-D010-4945-A3C9-C6B77D2D409A}.AppStore|x64.Build.0 = Release|Any CPU
		{051ECF32-D010-4945-A3C9-C6B77D2D409A}.AppStore|x64.Deploy.0 = Release|Any CPU
		{051ECF32-D010-4945-A3C9-C6B77D2D409A}.AppStore|x86.ActiveCfg = Release|Any CPU
		{051ECF32-D010-4945-A3C9-C6B77D2D409A}.AppStore|x86.Build.0 = Release|Any CPU
		{051ECF32-D010-4945-A3C9-C6B77D2D409A}.AppStore|x86.Deploy.0 = Release|Any CPU
		{051ECF32-D010-4945-A3C9-C6B77D2D409A}.Debug|Any CPU.ActiveCfg = Debug|Any CPU
		{051ECF32-D010-4945-A3C9-C6B77D2D409A}.Debug|Any CPU.Build.0 = Debug|Any CPU
		{051ECF32-D010-4945-A3C9-C6B77D2D409A}.Debug|Any CPU.Deploy.0 = Debug|Any CPU
		{051ECF32-D010-4945-A3C9-C6B77D2D409A}.Debug|ARM.ActiveCfg = Debug|Any CPU
		{051ECF32-D010-4945-A3C9-C6B77D2D409A}.Debug|ARM.Build.0 = Debug|Any CPU
		{051ECF32-D010-4945-A3C9-C6B77D2D409A}.Debug|ARM.Deploy.0 = Debug|Any CPU
		{051ECF32-D010-4945-A3C9-C6B77D2D409A}.Debug|iPhone.ActiveCfg = Debug|Any CPU
		{051ECF32-D010-4945-A3C9-C6B77D2D409A}.Debug|iPhone.Build.0 = Debug|Any CPU
		{051ECF32-D010-4945-A3C9-C6B77D2D409A}.Debug|iPhone.Deploy.0 = Debug|Any CPU
		{051ECF32-D010-4945-A3C9-C6B77D2D409A}.Debug|iPhoneSimulator.ActiveCfg = Debug|Any CPU
		{051ECF32-D010-4945-A3C9-C6B77D2D409A}.Debug|iPhoneSimulator.Build.0 = Debug|Any CPU
		{051ECF32-D010-4945-A3C9-C6B77D2D409A}.Debug|iPhoneSimulator.Deploy.0 = Debug|Any CPU
		{051ECF32-D010-4945-A3C9-C6B77D2D409A}.Debug|x64.ActiveCfg = Debug|Any CPU
		{051ECF32-D010-4945-A3C9-C6B77D2D409A}.Debug|x64.Build.0 = Debug|Any CPU
		{051ECF32-D010-4945-A3C9-C6B77D2D409A}.Debug|x64.Deploy.0 = Debug|Any CPU
		{051ECF32-D010-4945-A3C9-C6B77D2D409A}.Debug|x86.ActiveCfg = Debug|Any CPU
		{051ECF32-D010-4945-A3C9-C6B77D2D409A}.Debug|x86.Build.0 = Debug|Any CPU
		{051ECF32-D010-4945-A3C9-C6B77D2D409A}.Debug|x86.Deploy.0 = Debug|Any CPU
		{051ECF32-D010-4945-A3C9-C6B77D2D409A}.Release|Any CPU.ActiveCfg = Release|Any CPU
		{051ECF32-D010-4945-A3C9-C6B77D2D409A}.Release|Any CPU.Build.0 = Release|Any CPU
		{051ECF32-D010-4945-A3C9-C6B77D2D409A}.Release|Any CPU.Deploy.0 = Release|Any CPU
		{051ECF32-D010-4945-A3C9-C6B77D2D409A}.Release|ARM.ActiveCfg = Release|Any CPU
		{051ECF32-D010-4945-A3C9-C6B77D2D409A}.Release|ARM.Build.0 = Release|Any CPU
		{051ECF32-D010-4945-A3C9-C6B77D2D409A}.Release|ARM.Deploy.0 = Release|Any CPU
		{051ECF32-D010-4945-A3C9-C6B77D2D409A}.Release|iPhone.ActiveCfg = Release|Any CPU
		{051ECF32-D010-4945-A3C9-C6B77D2D409A}.Release|iPhone.Build.0 = Release|Any CPU
		{051ECF32-D010-4945-A3C9-C6B77D2D409A}.Release|iPhone.Deploy.0 = Release|Any CPU
		{051ECF32-D010-4945-A3C9-C6B77D2D409A}.Release|iPhoneSimulator.ActiveCfg = Release|Any CPU
		{051ECF32-D010-4945-A3C9-C6B77D2D409A}.Release|iPhoneSimulator.Build.0 = Release|Any CPU
		{051ECF32-D010-4945-A3C9-C6B77D2D409A}.Release|iPhoneSimulator.Deploy.0 = Release|Any CPU
		{051ECF32-D010-4945-A3C9-C6B77D2D409A}.Release|x64.ActiveCfg = Release|Any CPU
		{051ECF32-D010-4945-A3C9-C6B77D2D409A}.Release|x64.Build.0 = Release|Any CPU
		{051ECF32-D010-4945-A3C9-C6B77D2D409A}.Release|x64.Deploy.0 = Release|Any CPU
		{051ECF32-D010-4945-A3C9-C6B77D2D409A}.Release|x86.ActiveCfg = Release|Any CPU
		{051ECF32-D010-4945-A3C9-C6B77D2D409A}.Release|x86.Build.0 = Release|Any CPU
		{051ECF32-D010-4945-A3C9-C6B77D2D409A}.Release|x86.Deploy.0 = Release|Any CPU
		{9654AC42-4971-49AD-9136-EA8345E6D6CB}.Ad-Hoc|Any CPU.ActiveCfg = Debug|Any CPU
		{9654AC42-4971-49AD-9136-EA8345E6D6CB}.Ad-Hoc|Any CPU.Build.0 = Debug|Any CPU
		{9654AC42-4971-49AD-9136-EA8345E6D6CB}.Ad-Hoc|ARM.ActiveCfg = Debug|Any CPU
		{9654AC42-4971-49AD-9136-EA8345E6D6CB}.Ad-Hoc|ARM.Build.0 = Debug|Any CPU
		{9654AC42-4971-49AD-9136-EA8345E6D6CB}.Ad-Hoc|iPhone.ActiveCfg = Debug|Any CPU
		{9654AC42-4971-49AD-9136-EA8345E6D6CB}.Ad-Hoc|iPhone.Build.0 = Debug|Any CPU
		{9654AC42-4971-49AD-9136-EA8345E6D6CB}.Ad-Hoc|iPhoneSimulator.ActiveCfg = Debug|Any CPU
		{9654AC42-4971-49AD-9136-EA8345E6D6CB}.Ad-Hoc|iPhoneSimulator.Build.0 = Debug|Any CPU
		{9654AC42-4971-49AD-9136-EA8345E6D6CB}.Ad-Hoc|x64.ActiveCfg = Debug|Any CPU
		{9654AC42-4971-49AD-9136-EA8345E6D6CB}.Ad-Hoc|x64.Build.0 = Debug|Any CPU
		{9654AC42-4971-49AD-9136-EA8345E6D6CB}.Ad-Hoc|x86.ActiveCfg = Debug|Any CPU
		{9654AC42-4971-49AD-9136-EA8345E6D6CB}.Ad-Hoc|x86.Build.0 = Debug|Any CPU
		{9654AC42-4971-49AD-9136-EA8345E6D6CB}.AppStore|Any CPU.ActiveCfg = Debug|Any CPU
		{9654AC42-4971-49AD-9136-EA8345E6D6CB}.AppStore|Any CPU.Build.0 = Debug|Any CPU
		{9654AC42-4971-49AD-9136-EA8345E6D6CB}.AppStore|ARM.ActiveCfg = Debug|Any CPU
		{9654AC42-4971-49AD-9136-EA8345E6D6CB}.AppStore|ARM.Build.0 = Debug|Any CPU
		{9654AC42-4971-49AD-9136-EA8345E6D6CB}.AppStore|iPhone.ActiveCfg = Debug|Any CPU
		{9654AC42-4971-49AD-9136-EA8345E6D6CB}.AppStore|iPhone.Build.0 = Debug|Any CPU
		{9654AC42-4971-49AD-9136-EA8345E6D6CB}.AppStore|iPhoneSimulator.ActiveCfg = Debug|Any CPU
		{9654AC42-4971-49AD-9136-EA8345E6D6CB}.AppStore|iPhoneSimulator.Build.0 = Debug|Any CPU
		{9654AC42-4971-49AD-9136-EA8345E6D6CB}.AppStore|x64.ActiveCfg = Debug|Any CPU
		{9654AC42-4971-49AD-9136-EA8345E6D6CB}.AppStore|x64.Build.0 = Debug|Any CPU
		{9654AC42-4971-49AD-9136-EA8345E6D6CB}.AppStore|x86.ActiveCfg = Debug|Any CPU
		{9654AC42-4971-49AD-9136-EA8345E6D6CB}.AppStore|x86.Build.0 = Debug|Any CPU
		{9654AC42-4971-49AD-9136-EA8345E6D6CB}.Debug|Any CPU.ActiveCfg = Debug|Any CPU
		{9654AC42-4971-49AD-9136-EA8345E6D6CB}.Debug|Any CPU.Build.0 = Debug|Any CPU
		{9654AC42-4971-49AD-9136-EA8345E6D6CB}.Debug|ARM.ActiveCfg = Debug|Any CPU
		{9654AC42-4971-49AD-9136-EA8345E6D6CB}.Debug|ARM.Build.0 = Debug|Any CPU
		{9654AC42-4971-49AD-9136-EA8345E6D6CB}.Debug|iPhone.ActiveCfg = Debug|Any CPU
		{9654AC42-4971-49AD-9136-EA8345E6D6CB}.Debug|iPhone.Build.0 = Debug|Any CPU
		{9654AC42-4971-49AD-9136-EA8345E6D6CB}.Debug|iPhoneSimulator.ActiveCfg = Debug|Any CPU
		{9654AC42-4971-49AD-9136-EA8345E6D6CB}.Debug|iPhoneSimulator.Build.0 = Debug|Any CPU
		{9654AC42-4971-49AD-9136-EA8345E6D6CB}.Debug|x64.ActiveCfg = Debug|Any CPU
		{9654AC42-4971-49AD-9136-EA8345E6D6CB}.Debug|x64.Build.0 = Debug|Any CPU
		{9654AC42-4971-49AD-9136-EA8345E6D6CB}.Debug|x86.ActiveCfg = Debug|Any CPU
		{9654AC42-4971-49AD-9136-EA8345E6D6CB}.Debug|x86.Build.0 = Debug|Any CPU
		{9654AC42-4971-49AD-9136-EA8345E6D6CB}.Release|Any CPU.ActiveCfg = Release|Any CPU
		{9654AC42-4971-49AD-9136-EA8345E6D6CB}.Release|Any CPU.Build.0 = Release|Any CPU
		{9654AC42-4971-49AD-9136-EA8345E6D6CB}.Release|ARM.ActiveCfg = Release|Any CPU
		{9654AC42-4971-49AD-9136-EA8345E6D6CB}.Release|ARM.Build.0 = Release|Any CPU
		{9654AC42-4971-49AD-9136-EA8345E6D6CB}.Release|iPhone.ActiveCfg = Release|Any CPU
		{9654AC42-4971-49AD-9136-EA8345E6D6CB}.Release|iPhone.Build.0 = Release|Any CPU
		{9654AC42-4971-49AD-9136-EA8345E6D6CB}.Release|iPhoneSimulator.ActiveCfg = Release|Any CPU
		{9654AC42-4971-49AD-9136-EA8345E6D6CB}.Release|iPhoneSimulator.Build.0 = Release|Any CPU
		{9654AC42-4971-49AD-9136-EA8345E6D6CB}.Release|x64.ActiveCfg = Release|Any CPU
		{9654AC42-4971-49AD-9136-EA8345E6D6CB}.Release|x64.Build.0 = Release|Any CPU
		{9654AC42-4971-49AD-9136-EA8345E6D6CB}.Release|x86.ActiveCfg = Release|Any CPU
		{9654AC42-4971-49AD-9136-EA8345E6D6CB}.Release|x86.Build.0 = Release|Any CPU
		{94747B98-86F2-4121-9579-C5EEA97ACEF2}.Ad-Hoc|Any CPU.ActiveCfg = Debug|Any CPU
		{94747B98-86F2-4121-9579-C5EEA97ACEF2}.Ad-Hoc|Any CPU.Build.0 = Debug|Any CPU
		{94747B98-86F2-4121-9579-C5EEA97ACEF2}.Ad-Hoc|ARM.ActiveCfg = Debug|Any CPU
		{94747B98-86F2-4121-9579-C5EEA97ACEF2}.Ad-Hoc|ARM.Build.0 = Debug|Any CPU
		{94747B98-86F2-4121-9579-C5EEA97ACEF2}.Ad-Hoc|iPhone.ActiveCfg = Debug|Any CPU
		{94747B98-86F2-4121-9579-C5EEA97ACEF2}.Ad-Hoc|iPhone.Build.0 = Debug|Any CPU
		{94747B98-86F2-4121-9579-C5EEA97ACEF2}.Ad-Hoc|iPhoneSimulator.ActiveCfg = Debug|Any CPU
		{94747B98-86F2-4121-9579-C5EEA97ACEF2}.Ad-Hoc|iPhoneSimulator.Build.0 = Debug|Any CPU
		{94747B98-86F2-4121-9579-C5EEA97ACEF2}.Ad-Hoc|x64.ActiveCfg = Debug|Any CPU
		{94747B98-86F2-4121-9579-C5EEA97ACEF2}.Ad-Hoc|x64.Build.0 = Debug|Any CPU
		{94747B98-86F2-4121-9579-C5EEA97ACEF2}.Ad-Hoc|x86.ActiveCfg = Debug|Any CPU
		{94747B98-86F2-4121-9579-C5EEA97ACEF2}.Ad-Hoc|x86.Build.0 = Debug|Any CPU
		{94747B98-86F2-4121-9579-C5EEA97ACEF2}.AppStore|Any CPU.ActiveCfg = Debug|Any CPU
		{94747B98-86F2-4121-9579-C5EEA97ACEF2}.AppStore|Any CPU.Build.0 = Debug|Any CPU
		{94747B98-86F2-4121-9579-C5EEA97ACEF2}.AppStore|ARM.ActiveCfg = Debug|Any CPU
		{94747B98-86F2-4121-9579-C5EEA97ACEF2}.AppStore|ARM.Build.0 = Debug|Any CPU
		{94747B98-86F2-4121-9579-C5EEA97ACEF2}.AppStore|iPhone.ActiveCfg = Debug|Any CPU
		{94747B98-86F2-4121-9579-C5EEA97ACEF2}.AppStore|iPhone.Build.0 = Debug|Any CPU
		{94747B98-86F2-4121-9579-C5EEA97ACEF2}.AppStore|iPhoneSimulator.ActiveCfg = Debug|Any CPU
		{94747B98-86F2-4121-9579-C5EEA97ACEF2}.AppStore|iPhoneSimulator.Build.0 = Debug|Any CPU
		{94747B98-86F2-4121-9579-C5EEA97ACEF2}.AppStore|x64.ActiveCfg = Debug|Any CPU
		{94747B98-86F2-4121-9579-C5EEA97ACEF2}.AppStore|x64.Build.0 = Debug|Any CPU
		{94747B98-86F2-4121-9579-C5EEA97ACEF2}.AppStore|x86.ActiveCfg = Debug|Any CPU
		{94747B98-86F2-4121-9579-C5EEA97ACEF2}.AppStore|x86.Build.0 = Debug|Any CPU
		{94747B98-86F2-4121-9579-C5EEA97ACEF2}.Debug|Any CPU.ActiveCfg = Debug|Any CPU
		{94747B98-86F2-4121-9579-C5EEA97ACEF2}.Debug|Any CPU.Build.0 = Debug|Any CPU
		{94747B98-86F2-4121-9579-C5EEA97ACEF2}.Debug|ARM.ActiveCfg = Debug|Any CPU
		{94747B98-86F2-4121-9579-C5EEA97ACEF2}.Debug|ARM.Build.0 = Debug|Any CPU
		{94747B98-86F2-4121-9579-C5EEA97ACEF2}.Debug|iPhone.ActiveCfg = Debug|Any CPU
		{94747B98-86F2-4121-9579-C5EEA97ACEF2}.Debug|iPhone.Build.0 = Debug|Any CPU
		{94747B98-86F2-4121-9579-C5EEA97ACEF2}.Debug|iPhoneSimulator.ActiveCfg = Debug|Any CPU
		{94747B98-86F2-4121-9579-C5EEA97ACEF2}.Debug|iPhoneSimulator.Build.0 = Debug|Any CPU
		{94747B98-86F2-4121-9579-C5EEA97ACEF2}.Debug|x64.ActiveCfg = Debug|Any CPU
		{94747B98-86F2-4121-9579-C5EEA97ACEF2}.Debug|x64.Build.0 = Debug|Any CPU
		{94747B98-86F2-4121-9579-C5EEA97ACEF2}.Debug|x86.ActiveCfg = Debug|Any CPU
		{94747B98-86F2-4121-9579-C5EEA97ACEF2}.Debug|x86.Build.0 = Debug|Any CPU
		{94747B98-86F2-4121-9579-C5EEA97ACEF2}.Release|Any CPU.ActiveCfg = Release|Any CPU
		{94747B98-86F2-4121-9579-C5EEA97ACEF2}.Release|Any CPU.Build.0 = Release|Any CPU
		{94747B98-86F2-4121-9579-C5EEA97ACEF2}.Release|ARM.ActiveCfg = Release|Any CPU
		{94747B98-86F2-4121-9579-C5EEA97ACEF2}.Release|ARM.Build.0 = Release|Any CPU
		{94747B98-86F2-4121-9579-C5EEA97ACEF2}.Release|iPhone.ActiveCfg = Release|Any CPU
		{94747B98-86F2-4121-9579-C5EEA97ACEF2}.Release|iPhone.Build.0 = Release|Any CPU
		{94747B98-86F2-4121-9579-C5EEA97ACEF2}.Release|iPhoneSimulator.ActiveCfg = Release|Any CPU
		{94747B98-86F2-4121-9579-C5EEA97ACEF2}.Release|iPhoneSimulator.Build.0 = Release|Any CPU
		{94747B98-86F2-4121-9579-C5EEA97ACEF2}.Release|x64.ActiveCfg = Release|Any CPU
		{94747B98-86F2-4121-9579-C5EEA97ACEF2}.Release|x64.Build.0 = Release|Any CPU
		{94747B98-86F2-4121-9579-C5EEA97ACEF2}.Release|x86.ActiveCfg = Release|Any CPU
		{94747B98-86F2-4121-9579-C5EEA97ACEF2}.Release|x86.Build.0 = Release|Any CPU
	EndGlobalSection
	GlobalSection(SolutionProperties) = preSolution
		HideSolutionNode = FALSE
	EndGlobalSection
	GlobalSection(ExtensibilityGlobals) = postSolution
		SolutionGuid = {F6D05029-56B8-4E45-AF2D-0E76295DDBA2}
	EndGlobalSection
EndGlobal
